{
  "name": "knights-travails",
  "version": "1.0.0",
  "lockfileVersion": 3,
  "requires": true,
  "packages": {
    "": {
      "name": "knights-travails",
      "version": "1.0.0",
      "license": "ISC",
      "dependencies": {
        "bst-gusty": "^1.0.0"
      }
    },
    "node_modules/bst-gusty": {
      "version": "1.0.0",
      "resolved": "https://registry.npmjs.org/bst-gusty/-/bst-gusty-1.0.0.tgz",
      "integrity": "sha512-UYGl76iB2X/dq7IibgPiKG+LNXiQpNW8xJZ+co+XpCMNkaIuMGh6jOONgB2ZsvCprf2VBRt+7unzDiByQr2oRg=="
    }
  }
}
